
Microsoft Visual Studio Solution File, Format Version 12.00
# Visual Studio Version 17
VisualStudioVersion = 17.8.34601.278
MinimumVisualStudioVersion = 10.0.40219.1
Project("{FAE04EC0-301F-11D3-BF4B-00C04F79EFBC}") = "DataSets", "DataSets\DataSets.csproj", "{7B20B3EB-2A71-42CA-9EFC-11776081226C}"
EndProject
Global
	GlobalSection(SolutionConfigurationPlatforms) = preSolution
		Debug|Any CPU = Debug|Any CPU
		Release|Any CPU = Release|Any CPU
	EndGlobalSection
	GlobalSection(ProjectConfigurationPlatforms) = postSolution
		{7B20B3EB-2A71-42CA-9EFC-11776081226C}.Debug|Any CPU.ActiveCfg = Debug|Any CPU
		{7B20B3EB-2A71-42CA-9EFC-11776081226C}.Debug|Any CPU.Build.0 = Debug|Any CPU
		{7B20B3EB-2A71-42CA-9EFC-11776081226C}.Release|Any CPU.ActiveCfg = Release|Any CPU
		{7B20B3EB-2A71-42CA-9EFC-11776081226C}.Release|Any CPU.Build.0 = Release|Any CPU
	EndGlobalSection
	GlobalSection(SolutionProperties) = preSolution
		HideSolutionNode = FALSE
	EndGlobalSection
	GlobalSection(ExtensibilityGlobals) = postSolution
		SolutionGuid = {5DDD63B4-315C-4F87-8367-D971EB54CF4F}
	EndGlobalSection
EndGlobal
